// !$*UTF8*$!
{
	archiveVersion = 1;
	classes = {
	};
	objectVersion = 55;
	objects = {

/* Begin PBXBuildFile section */
		20DFA9A6271D79F800465BE0 /* AppDelegate.swift in Sources */ = {isa = PBXBuildFile; fileRef = 20DFA9A5271D79F800465BE0 /* AppDelegate.swift */; };
		20DFA9A8271D79F800465BE0 /* SceneDelegate.swift in Sources */ = {isa = PBXBuildFile; fileRef = 20DFA9A7271D79F800465BE0 /* SceneDelegate.swift */; };
		20DFA9AD271D79F800465BE0 /* Main.storyboard in Resources */ = {isa = PBXBuildFile; fileRef = 20DFA9AB271D79F800465BE0 /* Main.storyboard */; };
		20DFA9AF271D79FE00465BE0 /* Assets.xcassets in Resources */ = {isa = PBXBuildFile; fileRef = 20DFA9AE271D79FE00465BE0 /* Assets.xcassets */; };
		20DFA9B2271D79FE00465BE0 /* LaunchScreen.storyboard in Resources */ = {isa = PBXBuildFile; fileRef = 20DFA9B0271D79FE00465BE0 /* LaunchScreen.storyboard */; };
		20DFA9C1271D7D4700465BE0 /* ViewController.swift in Sources */ = {isa = PBXBuildFile; fileRef = 20DFA9C0271D7D4700465BE0 /* ViewController.swift */; };
/* End PBXBuildFile section */

/* Begin PBXFileReference section */
		20DFA9A2271D79F800465BE0 /* Seven Wonders Of The World.app */ = {isa = PBXFileReference; explicitFileType = wrapper.application; includeInIndex = 0; path = "Seven Wonders Of The World.app"; sourceTree = BUILT_PRODUCTS_DIR; };
		20DFA9A5271D79F800465BE0 /* AppDelegate.swift */ = {isa = PBXFileReference; lastKnownFileType = sourcecode.swift; path = AppDelegate.swift; sourceTree = "<group>"; };
		20DFA9A7271D79F800465BE0 /* SceneDelegate.swift */ = {isa = PBXFileReference; lastKnownFileType = sourcecode.swift; path = SceneDelegate.swift; sourceTree = "<group>"; };
		20DFA9AC271D79F800465BE0 /* Base */ = {isa = PBXFileReference; lastKnownFileType = file.storyboard; name = Base; path = Base.lproj/Main.storyboard; sourceTree = "<group>"; };
		20DFA9AE271D79FE00465BE0 /* Assets.xcassets */ = {isa = PBXFileReference; lastKnownFileType = folder.assetcatalog; path = Assets.xcassets; sourceTree = "<group>"; };
		20DFA9B1271D79FE00465BE0 /* Base */ = {isa = PBXFileReference; lastKnownFileType = file.storyboard; name = Base; path = Base.lproj/LaunchScreen.storyboard; sourceTree = "<group>"; };
		20DFA9B3271D79FE00465BE0 /* Info.plist */ = {isa = PBXFileReference; lastKnownFileType = text.plist.xml; path = Info.plist; sourceTree = "<group>"; };
		20DFA9C0271D7D4700465BE0 /* ViewController.swift */ = {isa = PBXFileReference; lastKnownFileType = sourcecode.swift; path = ViewController.swift; sourceTree = "<group>"; };
/* End PBXFileReference section */

/* Begin PBXFrameworksBuildPhase section */
		20DFA99F271D79F800465BE0 /* Frameworks */ = {
			isa = PBXFrameworksBuildPhase;
			buildActionMask = 2147483647;
			files = (
			);
			runOnlyForDeploymentPostprocessing = 0;
		};
/* End PBXFrameworksBuildPhase section */

/* Begin PBXGroup section */
		20DFA999271D79F800465BE0 = {
			isa = PBXGroup;
			children = (
				20DFA9A4271D79F800465BE0 /* Seven Wonders Of The World */,
				20DFA9A3271D79F800465BE0 /* Products */,
			);
			sourceTree = "<group>";
		};
		20DFA9A3271D79F800465BE0 /* Products */ = {
			isa = PBXGroup;
			children = (
				20DFA9A2271D79F800465BE0 /* Seven Wonders Of The World.app */,
			);
			name = Products;
			sourceTree = "<group>";
		};
		20DFA9A4271D79F800465BE0 /* Seven Wonders Of The World */ = {
			isa = PBXGroup;
			children = (
				20DFA9BB271D7A3A00465BE0 /* Controller */,
				20DFA9BA271D7A3400465BE0 /* View */,
				20DFA9B9271D7A2900465BE0 /* Model */,
				20DFA9A5271D79F800465BE0 /* AppDelegate.swift */,
				20DFA9A7271D79F800465BE0 /* SceneDelegate.swift */,
				20DFA9AE271D79FE00465BE0 /* Assets.xcassets */,
				20DFA9B0271D79FE00465BE0 /* LaunchScreen.storyboard */,
				20DFA9B3271D79FE00465BE0 /* Info.plist */,
			);
			path = "Seven Wonders Of The World";
			sourceTree = "<group>";
		};
		20DFA9B9271D7A2900465BE0 /* Model */ = {
			isa = PBXGroup;
			children = (
			);
			path = Model;
			sourceTree = "<group>";
		};
		20DFA9BA271D7A3400465BE0 /* View */ = {
			isa = PBXGroup;
			children = (
				20DFA9AB271D79F800465BE0 /* Main.storyboard */,
			);
			path = View;
			sourceTree = "<group>";
		};
		20DFA9BB271D7A3A00465BE0 /* Controller */ = {
			isa = PBXGroup;
			children = (
				20DFA9C0271D7D4700465BE0 /* ViewController.swift */,
			);
			path = Controller;
			sourceTree = "<group>";
		};
/* End PBXGroup section */

/* Begin PBXNativeTarget section */
		20DFA9A1271D79F800465BE0 /* Seven Wonders Of The World */ = {
			isa = PBXNativeTarget;
			buildConfigurationList = 20DFA9B6271D79FE00465BE0 /* Build configuration list for PBXNativeTarget "Seven Wonders Of The World" */;
			buildPhases = (
				20DFA99E271D79F800465BE0 /* Sources */,
				20DFA99F271D79F800465BE0 /* Frameworks */,
				20DFA9A0271D79F800465BE0 /* Resources */,
			);
			buildRules = (
			);
			dependencies = (
			);
			name = "Seven Wonders Of The World";
			productName = "Seven Wonders Of The World";
			productReference = 20DFA9A2271D79F800465BE0 /* Seven Wonders Of The World.app */;
			productType = "com.apple.product-type.application";
		};
/* End PBXNativeTarget section */

/* Begin PBXProject section */
		20DFA99A271D79F800465BE0 /* Project object */ = {
			isa = PBXProject;
			attributes = {
				BuildIndependentTargetsInParallel = 1;
				LastSwiftUpdateCheck = 1300;
				LastUpgradeCheck = 1300;
				TargetAttributes = {
					20DFA9A1271D79F800465BE0 = {
						CreatedOnToolsVersion = 13.0;
					};
				};
			};
			buildConfigurationList = 20DFA99D271D79F800465BE0 /* Build configuration list for PBXProject "Seven Wonders Of The World" */;
			compatibilityVersion = "Xcode 13.0";
			developmentRegion = en;
			hasScannedForEncodings = 0;
			knownRegions = (
				en,
				Base,
			);
			mainGroup = 20DFA999271D79F800465BE0;
			productRefGroup = 20DFA9A3271D79F800465BE0 /* Products */;
			projectDirPath = "";
			projectRoot = "";
			targets = (
				20DFA9A1271D79F800465BE0 /* Seven Wonders Of The World */,
			);
		};
/* End PBXProject section */

/* Begin PBXResourcesBuildPhase section */
		20DFA9A0271D79F800465BE0 /* Resources */ = {
			isa = PBXResourcesBuildPhase;
			buildActionMask = 2147483647;
			files = (
				20DFA9B2271D79FE00465BE0 /* LaunchScreen.storyboard in Resources */,
				20DFA9AF271D79FE00465BE0 /* Assets.xcassets in Resources */,
				20DFA9AD271D79F800465BE0 /* Main.storyboard in Resources */,
			);
			runOnlyForDeploymentPostprocessing = 0;
		};
/* End PBXResourcesBuildPhase section */

/* Begin PBXSourcesBuildPhase section */
		20DFA99E271D79F800465BE0 /* Sources */ = {
			isa = PBXSourcesBuildPhase;
			buildActionMask = 2147483647;
			files = (
				20DFA9C1271D7D4700465BE0 /* ViewController.swift in Sources */,
				20DFA9A6271D79F800465BE0 /* AppDelegate.swift in Sources */,
				20DFA9A8271D79F800465BE0 /* SceneDelegate.swift in Sources */,
			);
			runOnlyForDeploymentPostprocessing = 0;
		};
/* End PBXSourcesBuildPhase section */

/* Begin PBXVariantGroup section */
		20DFA9AB271D79F800465BE0 /* Main.storyboard */ = {
			isa = PBXVariantGroup;
			children = (
				20DFA9AC271D79F800465BE0 /* Base */,
			);
			name = Main.storyboard;
			sourceTree = "<group>";
		};
		20DFA9B0271D79FE00465BE0 /* LaunchScreen.storyboard */ = {
			isa = PBXVariantGroup;
			children = (
				20DFA9B1271D79FE00465BE0 /* Base */,
			);
			name = LaunchScreen.storyboard;
			sourceTree = "<group>";
		};
/* End PBXVariantGroup section */

/* Begin XCBuildConfiguration section */
		20DFA9B4271D79FE00465BE0 /* Debug */ = {
			isa = XCBuildConfiguration;
			buildSettings = {
				ALWAYS_SEARCH_USER_PATHS = NO;
				CLANG_ANALYZER_NONNULL = YES;
				CLANG_ANALYZER_NUMBER_OBJECT_CONVERSION = YES_AGGRESSIVE;
				CLANG_CXX_LANGUAGE_STANDARD = "gnu++17";
				CLANG_CXX_LIBRARY = "libc++";
				CLANG_ENABLE_MODULES = YES;
				CLANG_ENABLE_OBJC_ARC = YES;
				CLANG_ENABLE_OBJC_WEAK = YES;
				CLANG_WARN_BLOCK_CAPTURE_AUTORELEASING = YES;
				CLANG_WARN_BOOL_CONVERSION = YES;
				CLANG_WARN_COMMA = YES;
				CLANG_WARN_CONSTANT_CONVERSION = YES;
				CLANG_WARN_DEPRECATED_OBJC_IMPLEMENTATIONS = YES;
				CLANG_WARN_DIRECT_OBJC_ISA_USAGE = YES_ERROR;
				CLANG_WARN_DOCUMENTATION_COMMENTS = YES;
				CLANG_WARN_EMPTY_BODY = YES;
				CLANG_WARN_ENUM_CONVERSION = YES;
				CLANG_WARN_INFINITE_RECURSION = YES;
				CLANG_WARN_INT_CONVERSION = YES;
				CLANG_WARN_NON_LITERAL_NULL_CONVERSION = YES;
				CLANG_WARN_OBJC_IMPLICIT_RETAIN_SELF = YES;
				CLANG_WARN_OBJC_LITERAL_CONVERSION = YES;
				CLANG_WARN_OBJC_ROOT_CLASS = YES_ERROR;
				CLANG_WARN_QUOTED_INCLUDE_IN_FRAMEWORK_HEADER = YES;
				CLANG_WARN_RANGE_LOOP_ANALYSIS = YES;
				CLANG_WARN_STRICT_PROTOTYPES = YES;
				CLANG_WARN_SUSPICIOUS_MOVE = YES;
				CLANG_WARN_UNGUARDED_AVAILABILITY = YES_AGGRESSIVE;
				CLANG_WARN_UNREACHABLE_CODE = YES;
				CLANG_WARN__DUPLICATE_METHOD_MATCH = YES;
				COPY_PHASE_STRIP = NO;
				DEBUG_INFORMATION_FORMAT = dwarf;
				ENABLE_STRICT_OBJC_MSGSEND = YES;
				ENABLE_TESTABILITY = YES;
				GCC_C_LANGUAGE_STANDARD = gnu11;
				GCC_DYNAMIC_NO_PIC = NO;
				GCC_NO_COMMON_BLOCKS = YES;
				GCC_OPTIMIZATION_LEVEL = 0;
				GCC_PREPROCESSOR_DEFINITIONS = (
					"DEBUG=1",
					"$(inherited)",
				);
				GCC_WARN_64_TO_32_BIT_CONVERSION = YES;
				GCC_WARN_ABOUT_RETURN_TYPE = YES_ERROR;
				GCC_WARN_UNDECLARED_SELECTOR = YES;
				GCC_WARN_UNINITIALIZED_AUTOS = YES_AGGRESSIVE;
				GCC_WARN_UNUSED_FUNCTION = YES;
				GCC_WARN_UNUSED_VARIABLE = YES;
				IPHONEOS_DEPLOYMENT_TARGET = 15.0;
				MTL_ENABLE_DEBUG_INFO = INCLUDE_SOURCE;
				MTL_FAST_MATH = YES;
				ONLY_ACTIVE_ARCH = YES;
				SDKROOT = iphoneos;
				SWIFT_ACTIVE_COMPILATION_CONDITIONS = DEBUG;
				SWIFT_OPTIMIZATION_LEVEL = "-Onone";
			};
			name = Debug;
		};
		20DFA9B5271D79FE00465BE0 /* Release */ = {
			isa = XCBuildConfiguration;
			buildSettings = {
				ALWAYS_SEARCH_USER_PATHS = NO;
				CLANG_ANALYZER_NONNULL = YES;
				CLANG_ANALYZER_NUMBER_OBJECT_CONVERSION = YES_AGGRESSIVE;
				CLANG_CXX_LANGUAGE_STANDARD = "gnu++17";
				CLANG_CXX_LIBRARY = "libc++";
				CLANG_ENABLE_MODULES = YES;
				CLANG_ENABLE_OBJC_ARC = YES;
				CLANG_ENABLE_OBJC_WEAK = YES;
				CLANG_WARN_BLOCK_CAPTURE_AUTORELEASING = YES;
				CLANG_WARN_BOOL_CONVERSION = YES;
				CLANG_WARN_COMMA = YES;
				CLANG_WARN_CONSTANT_CONVERSION = YES;
				CLANG_WARN_DEPRECATED_OBJC_IMPLEMENTATIONS = YES;
				CLANG_WARN_DIRECT_OBJC_ISA_USAGE = YES_ERROR;
				CLANG_WARN_DOCUMENTATION_COMMENTS = YES;
				CLANG_WARN_EMPTY_BODY = YES;
				CLANG_WARN_ENUM_CONVERSION = YES;
				CLANG_WARN_INFINITE_RECURSION = YES;
				CLANG_WARN_INT_CONVERSION = YES;
				CLANG_WARN_NON_LITERAL_NULL_CONVERSION = YES;
				CLANG_WARN_OBJC_IMPLICIT_RETAIN_SELF = YES;
				CLANG_WARN_OBJC_LITERAL_CONVERSION = YES;
				CLANG_WARN_OBJC_ROOT_CLASS = YES_ERROR;
				CLANG_WARN_QUOTED_INCLUDE_IN_FRAMEWORK_HEADER = YES;
				CLANG_WARN_RANGE_LOOP_ANALYSIS = YES;
				CLANG_WARN_STRICT_PROTOTYPES = YES;
				CLANG_WARN_SUSPICIOUS_MOVE = YES;
				CLANG_WARN_UNGUARDED_AVAILABILITY = YES_AGGRESSIVE;
				CLANG_WARN_UNREACHABLE_CODE = YES;
				CLANG_WARN__DUPLICATE_METHOD_MATCH = YES;
				COPY_PHASE_STRIP = NO;
				DEBUG_INFORMATION_FORMAT = "dwarf-with-dsym";
				ENABLE_NS_ASSERTIONS = NO;
				ENABLE_STRICT_OBJC_MSGSEND = YES;
				GCC_C_LANGUAGE_STANDARD = gnu11;
				GCC_NO_COMMON_BLOCKS = YES;
				GCC_WARN_64_TO_32_BIT_CONVERSION = YES;
				GCC_WARN_ABOUT_RETURN_TYPE = YES_ERROR;
				GCC_WARN_UNDECLARED_SELECTOR = YES;
				GCC_WARN_UNINITIALIZED_AUTOS = YES_AGGRESSIVE;
				GCC_WARN_UNUSED_FUNCTION = YES;
				GCC_WARN_UNUSED_VARIABLE = YES;
				IPHONEOS_DEPLOYMENT_TARGET = 15.0;
				MTL_ENABLE_DEBUG_INFO = NO;
				MTL_FAST_MATH = YES;
				SDKROOT = iphoneos;
				SWIFT_COMPILATION_MODE = wholemodule;
				SWIFT_OPTIMIZATION_LEVEL = "-O";
				VALIDATE_PRODUCT = YES;
			};
			name = Release;
		};
		20DFA9B7271D79FE00465BE0 /* Debug */ = {
			isa = XCBuildConfiguration;
			buildSettings = {
				ASSETCATALOG_COMPILER_APPICON_NAME = AppIcon;
				ASSETCATALOG_COMPILER_GLOBAL_ACCENT_COLOR_NAME = AccentColor;
				CODE_SIGN_STYLE = Automatic;
				CURRENT_PROJECT_VERSION = 1;
				DEVELOPMENT_TEAM = 27BN3TK2LU;
				GENERATE_INFOPLIST_FILE = YES;
				INFOPLIST_FILE = "Seven Wonders Of The World/Info.plist";
				INFOPLIST_KEY_CFBundleDisplayName = SWOW;
				INFOPLIST_KEY_UIApplicationSupportsIndirectInputEvents = YES;
				INFOPLIST_KEY_UILaunchStoryboardName = LaunchScreen;
				INFOPLIST_KEY_UIMainStoryboardFile = Main;
				INFOPLIST_KEY_UISupportedInterfaceOrientations_iPad = "UIInterfaceOrientationPortrait UIInterfaceOrientationPortraitUpsideDown UIInterfaceOrientationLandscapeLeft UIInterfaceOrientationLandscapeRight";
				INFOPLIST_KEY_UISupportedInterfaceOrientations_iPhone = "UIInterfaceOrientationPortrait UIInterfaceOrientationLandscapeLeft UIInterfaceOrientationLandscapeRight";
				LD_RUNPATH_SEARCH_PATHS = (
					"$(inherited)",
					"@executable_path/Frameworks",
				);
				MARKETING_VERSION = 1.0;
				PRODUCT_BUNDLE_IDENTIFIER = "EricDavis.Seven-Wonders-Of-The-World";
				PRODUCT_NAME = "$(TARGET_NAME)";
				SWIFT_EMIT_LOC_STRINGS = YES;
				SWIFT_VERSION = 5.0;
				TARGETED_DEVICE_FAMILY = "1,2";
			};
			name = Debug;
		};
		20DFA9B8271D79FE00465BE0 /* Release */ = {
			isa = XCBuildConfiguration;
			buildSettings = {
				ASSETCATALOG_COMPILER_APPICON_NAME = AppIcon;
				ASSETCATALOG_COMPILER_GLOBAL_ACCENT_COLOR_NAME = AccentColor;
				CODE_SIGN_STYLE = Automatic;
				CURRENT_PROJECT_VERSION = 1;
				DEVELOPMENT_TEAM = 27BN3TK2LU;
				GENERATE_INFOPLIST_FILE = YES;
				INFOPLIST_FILE = "Seven Wonders Of The World/Info.plist";
				INFOPLIST_KEY_CFBundleDisplayName = SWOW;
				INFOPLIST_KEY_UIApplicationSupportsIndirectInputEvents = YES;
				INFOPLIST_KEY_UILaunchStoryboardName = LaunchScreen;
				INFOPLIST_KEY_UIMainStoryboardFile = Main;
				INFOPLIST_KEY_UISupportedInterfaceOrientations_iPad = "UIInterfaceOrientationPortrait UIInterfaceOrientationPortraitUpsideDown UIInterfaceOrientationLandscapeLeft UIInterfaceOrientationLandscapeRight";
				INFOPLIST_KEY_UISupportedInterfaceOrientations_iPhone = "UIInterfaceOrientationPortrait UIInterfaceOrientationLandscapeLeft UIInterfaceOrientationLandscapeRight";
				LD_RUNPATH_SEARCH_PATHS = (
					"$(inherited)",
					"@executable_path/Frameworks",
				);
				MARKETING_VERSION = 1.0;
				PRODUCT_BUNDLE_IDENTIFIER = "EricDavis.Seven-Wonders-Of-The-World";
				PRODUCT_NAME = "$(TARGET_NAME)";
				SWIFT_EMIT_LOC_STRINGS = YES;
				SWIFT_VERSION = 5.0;
				TARGETED_DEVICE_FAMILY = "1,2";
			};
			name = Release;
		};
/* End XCBuildConfiguration section */

/* Begin XCConfigurationList section */
		20DFA99D271D79F800465BE0 /* Build configuration list for PBXProject "Seven Wonders Of The World" */ = {
			isa = XCConfigurationList;
			buildConfigurations = (
				20DFA9B4271D79FE00465BE0 /* Debug */,
				20DFA9B5271D79FE00465BE0 /* Release */,
			);
			defaultConfigurationIsVisible = 0;
			defaultConfigurationName = Release;
		};
		20DFA9B6271D79FE00465BE0 /* Build configuration list for PBXNativeTarget "Seven Wonders Of The World" */ = {
			isa = XCConfigurationList;
			buildConfigurations = (
				20DFA9B7271D79FE00465BE0 /* Debug */,
				20DFA9B8271D79FE00465BE0 /* Release */,
			);
			defaultConfigurationIsVisible = 0;
			defaultConfigurationName = Release;
		};
/* End XCConfigurationList section */
	};
	rootObject = 20DFA99A271D79F800465BE0 /* Project object */;
}
